# This file was autogenerated by Stack.
# You should not edit this file by hand.
# For more information, please see the documentation at:
#   https://docs.haskellstack.org/en/stable/lock_files

packages:
- completed:
    hackage: extensible-0.6@sha256:57b756098ad50590864bfa3c95c23aa83fa89eedcf2ef019b7c5da6232c1b476,2858
    pantry-tree:
      size: 2294
      sha256: 71f8b5cead10453ba042710c8a379affcab2f7bbac0c348d84610cb59697c0a3
  original:
    hackage: extensible-0.6
- completed:
    hackage: membership-0@sha256:3a11d8fd53cb1a76bb9273e6c929bbf9d649f109714bf487abb3143be04ddc81,995
    pantry-tree:
      size: 408
      sha256: 3b593e0d14e848e318e745555776ebb25210e5e3dec4fde5d3c08ab51ceddc62
  original:
    hackage: membership-0
- completed:
    size: 8235
    subdir: mix
    url: https://github.com/matsubara0507/mix.hs/archive/c6c303f9ddf4655a42804ee67d512af6d3b14e98.tar.gz
    cabal-file:
      size: 1110
      sha256: 946df4a87070784d7ea659f6a3ad2f346f8cf31fea1135fc342feb5a303fa147
    name: mix
    version: 0.1.1
    sha256: ca6fa0fa725f34c7d70943fe21fa71164d58e226c9ef1d52a7b344232c748d24
    pantry-tree:
      size: 598
      sha256: 689bed307dc233a6c50e01f00295a079dc40a4291700646f3ca423d714ba35fc
  original:
    subdir: mix
    url: https://github.com/matsubara0507/mix.hs/archive/c6c303f9ddf4655a42804ee67d512af6d3b14e98.tar.gz
- completed:
    size: 8235
    subdir: mix-json-logger
    url: https://github.com/matsubara0507/mix.hs/archive/c6c303f9ddf4655a42804ee67d512af6d3b14e98.tar.gz
    cabal-file:
      size: 1086
      sha256: 4843982f1708e474ad68a9bddc213b5447fb285a71b8c8f720329768056b231b
    name: mix-json-logger
    version: 0.1.0
    sha256: ca6fa0fa725f34c7d70943fe21fa71164d58e226c9ef1d52a7b344232c748d24
    pantry-tree:
      size: 334
      sha256: 372be4778ce622e4ed87a5c77b4aa547a12da67c01570f2927f7a82ad9ec509d
  original:
    subdir: mix-json-logger
    url: https://github.com/matsubara0507/mix.hs/archive/c6c303f9ddf4655a42804ee67d512af6d3b14e98.tar.gz
- completed:
    size: 5203
    url: https://github.com/matsubara0507/fallible/archive/dfbdce1a0b0c71bcfcea844c94f9cb815f071235.tar.gz
    cabal-file:
      size: 1312
      sha256: 0e0032c34120a43bf1d446172162b546e36441c38f620afb24e9d447ed7ce6b6
    name: fallible
    version: 0.1.0
    sha256: 8f68bdcbf1326b0c3a3f87137ee6c7ff38d80ab1775222eb5def51d2a4718911
    pantry-tree:
      size: 572
      sha256: 44ee246ef81562894b52cc3843150e98be75b03b53723173fe3f4ec8f48e0375
  original:
    url: https://github.com/matsubara0507/fallible/archive/dfbdce1a0b0c71bcfcea844c94f9cb815f071235.tar.gz
- completed:
    size: 36888
    subdir: elmap
    url: https://github.com/matsubara0507/elmap.hs/archive/a1539c3be6e8b5757a2a10a55e7c1b19c1fc76fd.tar.gz
    cabal-file:
      size: 1788
      sha256: e914e320116772e38d19fc5fbbe0db6827fd23f82be6a82c4d1e9691863c5861
    name: elmap
    version: 0.1.0.0
    sha256: cfad46e892a213329434d0df6935f9fe08e5ea30ba9d880bda36bac662f34806
    pantry-tree:
      size: 476
      sha256: a59c6ff50ae3f2cecdf16e12fe38f75e00e266a9ded559ef8ca876d05d764abe
  original:
    subdir: elmap
    url: https://github.com/matsubara0507/elmap.hs/archive/a1539c3be6e8b5757a2a10a55e7c1b19c1fc76fd.tar.gz
- completed:
    size: 36888
    subdir: servant-elmap
    url: https://github.com/matsubara0507/elmap.hs/archive/a1539c3be6e8b5757a2a10a55e7c1b19c1fc76fd.tar.gz
    cabal-file:
      size: 2194
      sha256: 60205e8a33494474cbc09a5481f83b2cbc4fb41a106a1ed23c74d0eec5661469
    name: servant-elmap
    version: 0.1.0.0
    sha256: cfad46e892a213329434d0df6935f9fe08e5ea30ba9d880bda36bac662f34806
    pantry-tree:
      size: 558
      sha256: 6781fe28f19d1fcebd630e589b68d7d52b10b2436a279f17878ad01fd4b39678
  original:
    subdir: servant-elmap
    url: https://github.com/matsubara0507/elmap.hs/archive/a1539c3be6e8b5757a2a10a55e7c1b19c1fc76fd.tar.gz
- completed:
    size: 36888
    subdir: extensible-elmap
    url: https://github.com/matsubara0507/elmap.hs/archive/a1539c3be6e8b5757a2a10a55e7c1b19c1fc76fd.tar.gz
    cabal-file:
      size: 1744
      sha256: 2cc0c5e1d41ddede33c6b68e9f7a0ccfacbf10c05c449d551b34bb6df1d3cfd2
    name: extensible-elmap
    version: 0.1.0.0
    sha256: cfad46e892a213329434d0df6935f9fe08e5ea30ba9d880bda36bac662f34806
    pantry-tree:
      size: 439
      sha256: 60f665a4bca0c0676e6456f6fe32204cb0f28873c62fc75dc374d6e82aa3efa6
  original:
    subdir: extensible-elmap
    url: https://github.com/matsubara0507/elmap.hs/archive/a1539c3be6e8b5757a2a10a55e7c1b19c1fc76fd.tar.gz
snapshots:
- completed:
    size: 523700
    url: https://raw.githubusercontent.com/commercialhaskell/stackage-snapshots/master/lts/14/7.yaml
    sha256: 8e3f3c894be74d71fa4bf085e0a8baae7e4d7622d07ea31a52736b80f8b9bb1a
  original: lts-14.7
